lockfileVersion: '9.0'

settings:
  autoInstallPeers: true
  excludeLinksFromLockfile: false

importers:

  .:
    dependencies:
      systeminformation:
        specifier: ^5.25.11
        version: 5.25.11

packages:

  systeminformation@5.25.11:
    resolution: {integrity: sha512-jI01fn/t47rrLTQB0FTlMCC+5dYx8o0RRF+R4BPiUNsvg5OdY0s9DKMFmJGrx5SwMZQ4cag0Gl6v8oycso9b/g==}
    engines: {node: '>=8.0.0'}
    os: [darwin, linux, win32, freebsd, openbsd, netbsd, sunos, android]
    hasBin: true

snapshots:

  systeminformation@5.25.11: {}
