# THIS IS AN AUTOGENERATED FILE. DO NOT EDIT THIS FILE DIRECTLY.
# yarn lockfile v1


systeminformation@^4.14.11:
  version "4.27.11"
  resolved "https://registry.yarnpkg.com/systeminformation/-/systeminformation-4.27.11.tgz#6dbe96e48091444f80dab6c05ee1901286826b60"
  integrity sha512-U7bigXbOnsB8k1vNHS0Y13RCsRz5/UohiUmND+3mMUL6vfzrpbe/h4ZqewowB+B+tJNnmGFDj08Z8xGfYo45dQ==
