# THIS IS AN AUTOGENERATED FILE. DO NOT EDIT THIS FILE DIRECTLY.
# yarn lockfile v1


systeminformation@^5.21.8:
  version "5.21.8"
  resolved "https://registry.yarnpkg.com/systeminformation/-/systeminformation-5.21.8.tgz#18395187e5983698619ed07ca8640ae48ec232b2"
  integrity sha512-Xf1KDMUTQHLOT9Z7MjpSpsbaICOHcm4OZ9c9qqpkCoXuxq5MoyDrgu5GIQYpoiralXNPrqxDz3ND8MdllpXeQA==
