# THIS IS AN AUTOGENERATED FILE. DO NOT EDIT THIS FILE DIRECTLY.
# yarn lockfile v1


systeminformation@^5.6.4:
  version "5.6.4"
  resolved "https://registry.yarnpkg.com/systeminformation/-/systeminformation-5.6.4.tgz#5f32fcb05a5849e2a0e71b182c1f56ce32219310"
  integrity sha512-b2tvW1R+qjNEoAGgh734EGLgqbDMghjsHRaWo36skAC6JM1tw1pitcGz/REt+qSIRSXbE4PKECojhaSrBRrEmw==
